
Microsoft Visual Studio Solution File, Format Version 12.00
# Visual Studio Version 17
VisualStudioVersion = 17.14.36414.22 d17.14
MinimumVisualStudioVersion = 10.0.40219.1
Project("{FAE04EC0-301F-11D3-BF4B-00C04F79EFBC}") = "ConsoleApp1", "ConsoleApp1\ConsoleApp1.csproj", "{FB23930E-FAFD-46E0-87A2-5AE72C274687}"
EndProject
Global
	GlobalSection(SolutionConfigurationPlatforms) = preSolution
		Debug|Any CPU = Debug|Any CPU
		Release|Any CPU = Release|Any CPU
	EndGlobalSection
	GlobalSection(ProjectConfigurationPlatforms) = postSolution
		{FB23930E-FAFD-46E0-87A2-5AE72C274687}.Debug|Any CPU.ActiveCfg = Debug|Any CPU
		{FB23930E-FAFD-46E0-87A2-5AE72C274687}.Debug|Any CPU.Build.0 = Debug|Any CPU
		{FB23930E-FAFD-46E0-87A2-5AE72C274687}.Release|Any CPU.ActiveCfg = Release|Any CPU
		{FB23930E-FAFD-46E0-87A2-5AE72C274687}.Release|Any CPU.Build.0 = Release|Any CPU
	EndGlobalSection
	GlobalSection(SolutionProperties) = preSolution
		HideSolutionNode = FALSE
	EndGlobalSection
	GlobalSection(ExtensibilityGlobals) = postSolution
		SolutionGuid = {14F4CA3B-95C0-45B1-A1F4-03C3609BF7F1}
	EndGlobalSection
EndGlobal
